
Microsoft Visual Studio Solution File, Format Version 12.00
# Visual Studio 15
VisualStudioVersion = 15.0.27428.2043
MinimumVisualStudioVersion = 10.0.40219.1
Project("{FAE04EC0-301F-11D3-BF4B-00C04F79EFBC}") = "PressMachine", "PressMachine\PressMachine.csproj", "{BD31EAA4-7209-4CD1-BCAE-EDA7F92BBA9C}"
EndProject
Project("{FAE04EC0-301F-11D3-BF4B-00C04F79EFBC}") = "PressMachineServices", "PressMachineService\PressMachineServices.csproj", "{B667EF50-B90E-49AD-B5BD-52E30B06208A}"
EndProject
Project("{FAE04EC0-301F-11D3-BF4B-00C04F79EFBC}") = "Tests", "Tests\Tests.csproj", "{BDC7357A-7A6A-497E-8808-37D677DD58A0}"
EndProject
Project("{FAE04EC0-301F-11D3-BF4B-00C04F79EFBC}") = "OPCdotNETLib", "OPCdotNETLib\OPCdotNETLib.csproj", "{B480F0B5-938E-43C4-9BA7-F3DC1ECFD8F6}"
EndProject
Project("{FAE04EC0-301F-11D3-BF4B-00C04F79EFBC}") = "ZDPress.Opc", "ZDPress.Core\ZDPress.Opc.csproj", "{D53D2EC7-212C-468F-8D98-8C4DF5A10326}"
EndProject
Global
	GlobalSection(SolutionConfigurationPlatforms) = preSolution
		Debug|Any CPU = Debug|Any CPU
		Release|Any CPU = Release|Any CPU
	EndGlobalSection
	GlobalSection(ProjectConfigurationPlatforms) = postSolution
		{BD31EAA4-7209-4CD1-BCAE-EDA7F92BBA9C}.Debug|Any CPU.ActiveCfg = Debug|Any CPU
		{BD31EAA4-7209-4CD1-BCAE-EDA7F92BBA9C}.Debug|Any CPU.Build.0 = Debug|Any CPU
		{BD31EAA4-7209-4CD1-BCAE-EDA7F92BBA9C}.Release|Any CPU.ActiveCfg = Release|Any CPU
		{BD31EAA4-7209-4CD1-BCAE-EDA7F92BBA9C}.Release|Any CPU.Build.0 = Release|Any CPU
		{B667EF50-B90E-49AD-B5BD-52E30B06208A}.Debug|Any CPU.ActiveCfg = Debug|Any CPU
		{B667EF50-B90E-49AD-B5BD-52E30B06208A}.Debug|Any CPU.Build.0 = Debug|Any CPU
		{B667EF50-B90E-49AD-B5BD-52E30B06208A}.Release|Any CPU.ActiveCfg = Release|Any CPU
		{B667EF50-B90E-49AD-B5BD-52E30B06208A}.Release|Any CPU.Build.0 = Release|Any CPU
		{BDC7357A-7A6A-497E-8808-37D677DD58A0}.Debug|Any CPU.ActiveCfg = Debug|Any CPU
		{BDC7357A-7A6A-497E-8808-37D677DD58A0}.Debug|Any CPU.Build.0 = Debug|Any CPU
		{BDC7357A-7A6A-497E-8808-37D677DD58A0}.Release|Any CPU.ActiveCfg = Release|Any CPU
		{BDC7357A-7A6A-497E-8808-37D677DD58A0}.Release|Any CPU.Build.0 = Release|Any CPU
		{B480F0B5-938E-43C4-9BA7-F3DC1ECFD8F6}.Debug|Any CPU.ActiveCfg = Debug|Any CPU
		{B480F0B5-938E-43C4-9BA7-F3DC1ECFD8F6}.Debug|Any CPU.Build.0 = Debug|Any CPU
		{B480F0B5-938E-43C4-9BA7-F3DC1ECFD8F6}.Release|Any CPU.ActiveCfg = Release|Any CPU
		{B480F0B5-938E-43C4-9BA7-F3DC1ECFD8F6}.Release|Any CPU.Build.0 = Release|Any CPU
		{D53D2EC7-212C-468F-8D98-8C4DF5A10326}.Debug|Any CPU.ActiveCfg = Debug|Any CPU
		{D53D2EC7-212C-468F-8D98-8C4DF5A10326}.Debug|Any CPU.Build.0 = Debug|Any CPU
		{D53D2EC7-212C-468F-8D98-8C4DF5A10326}.Release|Any CPU.ActiveCfg = Release|Any CPU
		{D53D2EC7-212C-468F-8D98-8C4DF5A10326}.Release|Any CPU.Build.0 = Release|Any CPU
	EndGlobalSection
	GlobalSection(SolutionProperties) = preSolution
		HideSolutionNode = FALSE
	EndGlobalSection
	GlobalSection(ExtensibilityGlobals) = postSolution
		SolutionGuid = {B1D9E23C-F933-475F-8283-75B97C6AC79E}
	EndGlobalSection
EndGlobal
